// !$*UTF8*$!
{
	archiveVersion = 1;
	classes = {
	};
	objectVersion = 50;
	objects = {

/* Begin PBXBuildFile section */
		4D25E16221D0A692006CC4F5 /* AppDelegate.m in Sources */ = {isa = PBXBuildFile; fileRef = 4D25E16121D0A692006CC4F5 /* AppDelegate.m */; };
		4D25E16521D0A692006CC4F5 /* ViewController.m in Sources */ = {isa = PBXBuildFile; fileRef = 4D25E16421D0A692006CC4F5 /* ViewController.m */; };
		4D25E16821D0A692006CC4F5 /* Main.storyboard in Resources */ = {isa = PBXBuildFile; fileRef = 4D25E16621D0A692006CC4F5 /* Main.storyboard */; };
		4D25E16A21D0A693006CC4F5 /* Assets.xcassets in Resources */ = {isa = PBXBuildFile; fileRef = 4D25E16921D0A693006CC4F5 /* Assets.xcassets */; };
		4D25E16D21D0A693006CC4F5 /* LaunchScreen.storyboard in Resources */ = {isa = PBXBuildFile; fileRef = 4D25E16B21D0A693006CC4F5 /* LaunchScreen.storyboard */; };
		4D25E17021D0A693006CC4F5 /* main.m in Sources */ = {isa = PBXBuildFile; fileRef = 4D25E16F21D0A693006CC4F5 /* main.m */; };
		4D25E17A21D0A693006CC4F5 /* OpenGL_ES_001____Tests.m in Sources */ = {isa = PBXBuildFile; fileRef = 4D25E17921D0A693006CC4F5 /* OpenGL_ES_001____Tests.m */; };
		4D25E18521D0A693006CC4F5 /* OpenGL_ES_001____UITests.m in Sources */ = {isa = PBXBuildFile; fileRef = 4D25E18421D0A693006CC4F5 /* OpenGL_ES_001____UITests.m */; };
		4D25E19321D0AB66006CC4F5 /* test.jpg in Resources */ = {isa = PBXBuildFile; fileRef = 4D25E19221D0AB66006CC4F5 /* test.jpg */; };
/* End PBXBuildFile section */

/* Begin PBXContainerItemProxy section */
		4D25E17621D0A693006CC4F5 /* PBXContainerItemProxy */ = {
			isa = PBXContainerItemProxy;
			containerPortal = 4D25E15521D0A692006CC4F5 /* Project object */;
			proxyType = 1;
			remoteGlobalIDString = 4D25E15C21D0A692006CC4F5;
			remoteInfo = "OpenGL-ES-001加载纹理";
		};
		4D25E18121D0A693006CC4F5 /* PBXContainerItemProxy */ = {
			isa = PBXContainerItemProxy;
			containerPortal = 4D25E15521D0A692006CC4F5 /* Project object */;
			proxyType = 1;
			remoteGlobalIDString = 4D25E15C21D0A692006CC4F5;
			remoteInfo = "OpenGL-ES-001加载纹理";
		};
/* End PBXContainerItemProxy section */

/* Begin PBXFileReference section */
		4D25E15D21D0A692006CC4F5 /* OpenGL-ES-001加载纹理.app */ = {isa = PBXFileReference; explicitFileType = wrapper.application; includeInIndex = 0; path = "OpenGL-ES-001加载纹理.app"; sourceTree = BUILT_PRODUCTS_DIR; };
		4D25E16021D0A692006CC4F5 /* AppDelegate.h */ = {isa = PBXFileReference; lastKnownFileType = sourcecode.c.h; path = AppDelegate.h; sourceTree = "<group>"; };
		4D25E16121D0A692006CC4F5 /* AppDelegate.m */ = {isa = PBXFileReference; lastKnownFileType = sourcecode.c.objc; path = AppDelegate.m; sourceTree = "<group>"; };
		4D25E16321D0A692006CC4F5 /* ViewController.h */ = {isa = PBXFileReference; lastKnownFileType = sourcecode.c.h; path = ViewController.h; sourceTree = "<group>"; };
		4D25E16421D0A692006CC4F5 /* ViewController.m */ = {isa = PBXFileReference; lastKnownFileType = sourcecode.c.objc; path = ViewController.m; sourceTree = "<group>"; };
		4D25E16721D0A692006CC4F5 /* Base */ = {isa = PBXFileReference; lastKnownFileType = file.storyboard; name = Base; path = Base.lproj/Main.storyboard; sourceTree = "<group>"; };
		4D25E16921D0A693006CC4F5 /* Assets.xcassets */ = {isa = PBXFileReference; lastKnownFileType = folder.assetcatalog; path = Assets.xcassets; sourceTree = "<group>"; };
		4D25E16C21D0A693006CC4F5 /* Base */ = {isa = PBXFileReference; lastKnownFileType = file.storyboard; name = Base; path = Base.lproj/LaunchScreen.storyboard; sourceTree = "<group>"; };
		4D25E16E21D0A693006CC4F5 /* Info.plist */ = {isa = PBXFileReference; lastKnownFileType = text.plist.xml; path = Info.plist; sourceTree = "<group>"; };
		4D25E16F21D0A693006CC4F5 /* main.m */ = {isa = PBXFileReference; lastKnownFileType = sourcecode.c.objc; path = main.m; sourceTree = "<group>"; };
		4D25E17521D0A693006CC4F5 /* OpenGL-ES-001加载纹理Tests.xctest */ = {isa = PBXFileReference; explicitFileType = wrapper.cfbundle; includeInIndex = 0; path = "OpenGL-ES-001加载纹理Tests.xctest"; sourceTree = BUILT_PRODUCTS_DIR; };
		4D25E17921D0A693006CC4F5 /* OpenGL_ES_001____Tests.m */ = {isa = PBXFileReference; lastKnownFileType = sourcecode.c.objc; path = "OpenGL_ES_001____Tests.m"; sourceTree = "<group>"; };
		4D25E17B21D0A693006CC4F5 /* Info.plist */ = {isa = PBXFileReference; lastKnownFileType = text.plist.xml; path = Info.plist; sourceTree = "<group>"; };
		4D25E18021D0A693006CC4F5 /* OpenGL-ES-001加载纹理UITests.xctest */ = {isa = PBXFileReference; explicitFileType = wrapper.cfbundle; includeInIndex = 0; path = "OpenGL-ES-001加载纹理UITests.xctest"; sourceTree = BUILT_PRODUCTS_DIR; };
		4D25E18421D0A693006CC4F5 /* OpenGL_ES_001____UITests.m */ = {isa = PBXFileReference; lastKnownFileType = sourcecode.c.objc; path = "OpenGL_ES_001____UITests.m"; sourceTree = "<group>"; };
		4D25E18621D0A693006CC4F5 /* Info.plist */ = {isa = PBXFileReference; lastKnownFileType = text.plist.xml; path = Info.plist; sourceTree = "<group>"; };
		4D25E19221D0AB66006CC4F5 /* test.jpg */ = {isa = PBXFileReference; lastKnownFileType = image.jpeg; path = test.jpg; sourceTree = "<group>"; };
/* End PBXFileReference section */

/* Begin PBXFrameworksBuildPhase section */
		4D25E15A21D0A692006CC4F5 /* Frameworks */ = {
			isa = PBXFrameworksBuildPhase;
			buildActionMask = 2147483647;
			files = (
			);
			runOnlyForDeploymentPostprocessing = 0;
		};
		4D25E17221D0A693006CC4F5 /* Frameworks */ = {
			isa = PBXFrameworksBuildPhase;
			buildActionMask = 2147483647;
			files = (
			);
			runOnlyForDeploymentPostprocessing = 0;
		};
		4D25E17D21D0A693006CC4F5 /* Frameworks */ = {
			isa = PBXFrameworksBuildPhase;
			buildActionMask = 2147483647;
			files = (
			);
			runOnlyForDeploymentPostprocessing = 0;
		};
/* End PBXFrameworksBuildPhase section */

/* Begin PBXGroup section */
		4D25E15421D0A692006CC4F5 = {
			isa = PBXGroup;
			children = (
				4D25E15F21D0A692006CC4F5 /* OpenGL-ES-001加载纹理 */,
				4D25E17821D0A693006CC4F5 /* OpenGL-ES-001加载纹理Tests */,
				4D25E18321D0A693006CC4F5 /* OpenGL-ES-001加载纹理UITests */,
				4D25E15E21D0A692006CC4F5 /* Products */,
			);
			sourceTree = "<group>";
		};
		4D25E15E21D0A692006CC4F5 /* Products */ = {
			isa = PBXGroup;
			children = (
				4D25E15D21D0A692006CC4F5 /* OpenGL-ES-001加载纹理.app */,
				4D25E17521D0A693006CC4F5 /* OpenGL-ES-001加载纹理Tests.xctest */,
				4D25E18021D0A693006CC4F5 /* OpenGL-ES-001加载纹理UITests.xctest */,
			);
			name = Products;
			sourceTree = "<group>";
		};
		4D25E15F21D0A692006CC4F5 /* OpenGL-ES-001加载纹理 */ = {
			isa = PBXGroup;
			children = (
				4D25E19221D0AB66006CC4F5 /* test.jpg */,
				4D25E16021D0A692006CC4F5 /* AppDelegate.h */,
				4D25E16121D0A692006CC4F5 /* AppDelegate.m */,
				4D25E16321D0A692006CC4F5 /* ViewController.h */,
				4D25E16421D0A692006CC4F5 /* ViewController.m */,
				4D25E16621D0A692006CC4F5 /* Main.storyboard */,
				4D25E16921D0A693006CC4F5 /* Assets.xcassets */,
				4D25E16B21D0A693006CC4F5 /* LaunchScreen.storyboard */,
				4D25E16E21D0A693006CC4F5 /* Info.plist */,
				4D25E16F21D0A693006CC4F5 /* main.m */,
			);
			path = "OpenGL-ES-001加载纹理";
			sourceTree = "<group>";
		};
		4D25E17821D0A693006CC4F5 /* OpenGL-ES-001加载纹理Tests */ = {
			isa = PBXGroup;
			children = (
				4D25E17921D0A693006CC4F5 /* OpenGL_ES_001____Tests.m */,
				4D25E17B21D0A693006CC4F5 /* Info.plist */,
			);
			path = "OpenGL-ES-001加载纹理Tests";
			sourceTree = "<group>";
		};
		4D25E18321D0A693006CC4F5 /* OpenGL-ES-001加载纹理UITests */ = {
			isa = PBXGroup;
			children = (
				4D25E18421D0A693006CC4F5 /* OpenGL_ES_001____UITests.m */,
				4D25E18621D0A693006CC4F5 /* Info.plist */,
			);
			path = "OpenGL-ES-001加载纹理UITests";
			sourceTree = "<group>";
		};
/* End PBXGroup section */

/* Begin PBXNativeTarget section */
		4D25E15C21D0A692006CC4F5 /* OpenGL-ES-001加载纹理 */ = {
			isa = PBXNativeTarget;
			buildConfigurationList = 4D25E18921D0A693006CC4F5 /* Build configuration list for PBXNativeTarget "OpenGL-ES-001加载纹理" */;
			buildPhases = (
				4D25E15921D0A692006CC4F5 /* Sources */,
				4D25E15A21D0A692006CC4F5 /* Frameworks */,
				4D25E15B21D0A692006CC4F5 /* Resources */,
			);
			buildRules = (
			);
			dependencies = (
			);
			name = "OpenGL-ES-001加载纹理";
			productName = "OpenGL-ES-001加载纹理";
			productReference = 4D25E15D21D0A692006CC4F5 /* OpenGL-ES-001加载纹理.app */;
			productType = "com.apple.product-type.application";
		};
		4D25E17421D0A693006CC4F5 /* OpenGL-ES-001加载纹理Tests */ = {
			isa = PBXNativeTarget;
			buildConfigurationList = 4D25E18C21D0A693006CC4F5 /* Build configuration list for PBXNativeTarget "OpenGL-ES-001加载纹理Tests" */;
			buildPhases = (
				4D25E17121D0A693006CC4F5 /* Sources */,
				4D25E17221D0A693006CC4F5 /* Frameworks */,
				4D25E17321D0A693006CC4F5 /* Resources */,
			);
			buildRules = (
			);
			dependencies = (
				4D25E17721D0A693006CC4F5 /* PBXTargetDependency */,
			);
			name = "OpenGL-ES-001加载纹理Tests";
			productName = "OpenGL-ES-001加载纹理Tests";
			productReference = 4D25E17521D0A693006CC4F5 /* OpenGL-ES-001加载纹理Tests.xctest */;
			productType = "com.apple.product-type.bundle.unit-test";
		};
		4D25E17F21D0A693006CC4F5 /* OpenGL-ES-001加载纹理UITests */ = {
			isa = PBXNativeTarget;
			buildConfigurationList = 4D25E18F21D0A693006CC4F5 /* Build configuration list for PBXNativeTarget "OpenGL-ES-001加载纹理UITests" */;
			buildPhases = (
				4D25E17C21D0A693006CC4F5 /* Sources */,
				4D25E17D21D0A693006CC4F5 /* Frameworks */,
				4D25E17E21D0A693006CC4F5 /* Resources */,
			);
			buildRules = (
			);
			dependencies = (
				4D25E18221D0A693006CC4F5 /* PBXTargetDependency */,
			);
			name = "OpenGL-ES-001加载纹理UITests";
			productName = "OpenGL-ES-001加载纹理UITests";
			productReference = 4D25E18021D0A693006CC4F5 /* OpenGL-ES-001加载纹理UITests.xctest */;
			productType = "com.apple.product-type.bundle.ui-testing";
		};
/* End PBXNativeTarget section */

/* Begin PBXProject section */
		4D25E15521D0A692006CC4F5 /* Project object */ = {
			isa = PBXProject;
			attributes = {
				LastUpgradeCheck = 1010;
				TargetAttributes = {
					4D25E15C21D0A692006CC4F5 = {
						CreatedOnToolsVersion = 10.1;
					};
					4D25E17421D0A693006CC4F5 = {
						CreatedOnToolsVersion = 10.1;
						TestTargetID = 4D25E15C21D0A692006CC4F5;
					};
					4D25E17F21D0A693006CC4F5 = {
						CreatedOnToolsVersion = 10.1;
						TestTargetID = 4D25E15C21D0A692006CC4F5;
					};
				};
			};
			buildConfigurationList = 4D25E15821D0A692006CC4F5 /* Build configuration list for PBXProject "OpenGL-ES-001加载纹理" */;
			compatibilityVersion = "Xcode 9.3";
			developmentRegion = en;
			hasScannedForEncodings = 0;
			knownRegions = (
				en,
				Base,
			);
			mainGroup = 4D25E15421D0A692006CC4F5;
			productRefGroup = 4D25E15E21D0A692006CC4F5 /* Products */;
			projectDirPath = "";
			projectRoot = "";
			targets = (
				4D25E15C21D0A692006CC4F5 /* OpenGL-ES-001加载纹理 */,
				4D25E17421D0A693006CC4F5 /* OpenGL-ES-001加载纹理Tests */,
				4D25E17F21D0A693006CC4F5 /* OpenGL-ES-001加载纹理UITests */,
			);
		};
/* End PBXProject section */

/* Begin PBXResourcesBuildPhase section */
		4D25E15B21D0A692006CC4F5 /* Resources */ = {
			isa = PBXResourcesBuildPhase;
			buildActionMask = 2147483647;
			files = (
				4D25E16D21D0A693006CC4F5 /* LaunchScreen.storyboard in Resources */,
				4D25E16A21D0A693006CC4F5 /* Assets.xcassets in Resources */,
				4D25E16821D0A692006CC4F5 /* Main.storyboard in Resources */,
				4D25E19321D0AB66006CC4F5 /* test.jpg in Resources */,
			);
			runOnlyForDeploymentPostprocessing = 0;
		};
		4D25E17321D0A693006CC4F5 /* Resources */ = {
			isa = PBXResourcesBuildPhase;
			buildActionMask = 2147483647;
			files = (
			);
			runOnlyForDeploymentPostprocessing = 0;
		};
		4D25E17E21D0A693006CC4F5 /* Resources */ = {
			isa = PBXResourcesBuildPhase;
			buildActionMask = 2147483647;
			files = (
			);
			runOnlyForDeploymentPostprocessing = 0;
		};
/* End PBXResourcesBuildPhase section */

/* Begin PBXSourcesBuildPhase section */
		4D25E15921D0A692006CC4F5 /* Sources */ = {
			isa = PBXSourcesBuildPhase;
			buildActionMask = 2147483647;
			files = (
				4D25E16521D0A692006CC4F5 /* ViewController.m in Sources */,
				4D25E17021D0A693006CC4F5 /* main.m in Sources */,
				4D25E16221D0A692006CC4F5 /* AppDelegate.m in Sources */,
			);
			runOnlyForDeploymentPostprocessing = 0;
		};
		4D25E17121D0A693006CC4F5 /* Sources */ = {
			isa = PBXSourcesBuildPhase;
			buildActionMask = 2147483647;
			files = (
				4D25E17A21D0A693006CC4F5 /* OpenGL_ES_001____Tests.m in Sources */,
			);
			runOnlyForDeploymentPostprocessing = 0;
		};
		4D25E17C21D0A693006CC4F5 /* Sources */ = {
			isa = PBXSourcesBuildPhase;
			buildActionMask = 2147483647;
			files = (
				4D25E18521D0A693006CC4F5 /* OpenGL_ES_001____UITests.m in Sources */,
			);
			runOnlyForDeploymentPostprocessing = 0;
		};
/* End PBXSourcesBuildPhase section */

/* Begin PBXTargetDependency section */
		4D25E17721D0A693006CC4F5 /* PBXTargetDependency */ = {
			isa = PBXTargetDependency;
			target = 4D25E15C21D0A692006CC4F5 /* OpenGL-ES-001加载纹理 */;
			targetProxy = 4D25E17621D0A693006CC4F5 /* PBXContainerItemProxy */;
		};
		4D25E18221D0A693006CC4F5 /* PBXTargetDependency */ = {
			isa = PBXTargetDependency;
			target = 4D25E15C21D0A692006CC4F5 /* OpenGL-ES-001加载纹理 */;
			targetProxy = 4D25E18121D0A693006CC4F5 /* PBXContainerItemProxy */;
		};
/* End PBXTargetDependency section */

/* Begin PBXVariantGroup section */
		4D25E16621D0A692006CC4F5 /* Main.storyboard */ = {
			isa = PBXVariantGroup;
			children = (
				4D25E16721D0A692006CC4F5 /* Base */,
			);
			name = Main.storyboard;
			sourceTree = "<group>";
		};
		4D25E16B21D0A693006CC4F5 /* LaunchScreen.storyboard */ = {
			isa = PBXVariantGroup;
			children = (
				4D25E16C21D0A693006CC4F5 /* Base */,
			);
			name = LaunchScreen.storyboard;
			sourceTree = "<group>";
		};
/* End PBXVariantGroup section */

/* Begin XCBuildConfiguration section */
		4D25E18721D0A693006CC4F5 /* Debug */ = {
			isa = XCBuildConfiguration;
			buildSettings = {
				ALWAYS_SEARCH_USER_PATHS = NO;
				CLANG_ANALYZER_NONNULL = YES;
				CLANG_ANALYZER_NUMBER_OBJECT_CONVERSION = YES_AGGRESSIVE;
				CLANG_CXX_LANGUAGE_STANDARD = "gnu++14";
				CLANG_CXX_LIBRARY = "libc++";
				CLANG_ENABLE_MODULES = YES;
				CLANG_ENABLE_OBJC_ARC = YES;
				CLANG_ENABLE_OBJC_WEAK = YES;
				CLANG_WARN_BLOCK_CAPTURE_AUTORELEASING = YES;
				CLANG_WARN_BOOL_CONVERSION = YES;
				CLANG_WARN_COMMA = YES;
				CLANG_WARN_CONSTANT_CONVERSION = YES;
				CLANG_WARN_DEPRECATED_OBJC_IMPLEMENTATIONS = YES;
				CLANG_WARN_DIRECT_OBJC_ISA_USAGE = YES_ERROR;
				CLANG_WARN_DOCUMENTATION_COMMENTS = YES;
				CLANG_WARN_EMPTY_BODY = YES;
				CLANG_WARN_ENUM_CONVERSION = YES;
				CLANG_WARN_INFINITE_RECURSION = YES;
				CLANG_WARN_INT_CONVERSION = YES;
				CLANG_WARN_NON_LITERAL_NULL_CONVERSION = YES;
				CLANG_WARN_OBJC_IMPLICIT_RETAIN_SELF = YES;
				CLANG_WARN_OBJC_LITERAL_CONVERSION = YES;
				CLANG_WARN_OBJC_ROOT_CLASS = YES_ERROR;
				CLANG_WARN_RANGE_LOOP_ANALYSIS = YES;
				CLANG_WARN_STRICT_PROTOTYPES = YES;
				CLANG_WARN_SUSPICIOUS_MOVE = YES;
				CLANG_WARN_UNGUARDED_AVAILABILITY = YES_AGGRESSIVE;
				CLANG_WARN_UNREACHABLE_CODE = YES;
				CLANG_WARN__DUPLICATE_METHOD_MATCH = YES;
				CODE_SIGN_IDENTITY = "iPhone Developer";
				COPY_PHASE_STRIP = NO;
				DEBUG_INFORMATION_FORMAT = dwarf;
				ENABLE_STRICT_OBJC_MSGSEND = YES;
				ENABLE_TESTABILITY = YES;
				GCC_C_LANGUAGE_STANDARD = gnu11;
				GCC_DYNAMIC_NO_PIC = NO;
				GCC_NO_COMMON_BLOCKS = YES;
				GCC_OPTIMIZATION_LEVEL = 0;
				GCC_PREPROCESSOR_DEFINITIONS = (
					"DEBUG=1",
					"$(inherited)",
				);
				GCC_WARN_64_TO_32_BIT_CONVERSION = YES;
				GCC_WARN_ABOUT_RETURN_TYPE = YES_ERROR;
				GCC_WARN_UNDECLARED_SELECTOR = YES;
				GCC_WARN_UNINITIALIZED_AUTOS = YES_AGGRESSIVE;
				GCC_WARN_UNUSED_FUNCTION = YES;
				GCC_WARN_UNUSED_VARIABLE = YES;
				IPHONEOS_DEPLOYMENT_TARGET = 12.1;
				MTL_ENABLE_DEBUG_INFO = INCLUDE_SOURCE;
				MTL_FAST_MATH = YES;
				ONLY_ACTIVE_ARCH = YES;
				SDKROOT = iphoneos;
			};
			name = Debug;
		};
		4D25E18821D0A693006CC4F5 /* Release */ = {
			isa = XCBuildConfiguration;
			buildSettings = {
				ALWAYS_SEARCH_USER_PATHS = NO;
				CLANG_ANALYZER_NONNULL = YES;
				CLANG_ANALYZER_NUMBER_OBJECT_CONVERSION = YES_AGGRESSIVE;
				CLANG_CXX_LANGUAGE_STANDARD = "gnu++14";
				CLANG_CXX_LIBRARY = "libc++";
				CLANG_ENABLE_MODULES = YES;
				CLANG_ENABLE_OBJC_ARC = YES;
				CLANG_ENABLE_OBJC_WEAK = YES;
				CLANG_WARN_BLOCK_CAPTURE_AUTORELEASING = YES;
				CLANG_WARN_BOOL_CONVERSION = YES;
				CLANG_WARN_COMMA = YES;
				CLANG_WARN_CONSTANT_CONVERSION = YES;
				CLANG_WARN_DEPRECATED_OBJC_IMPLEMENTATIONS = YES;
				CLANG_WARN_DIRECT_OBJC_ISA_USAGE = YES_ERROR;
				CLANG_WARN_DOCUMENTATION_COMMENTS = YES;
				CLANG_WARN_EMPTY_BODY = YES;
				CLANG_WARN_ENUM_CONVERSION = YES;
				CLANG_WARN_INFINITE_RECURSION = YES;
				CLANG_WARN_INT_CONVERSION = YES;
				CLANG_WARN_NON_LITERAL_NULL_CONVERSION = YES;
				CLANG_WARN_OBJC_IMPLICIT_RETAIN_SELF = YES;
				CLANG_WARN_OBJC_LITERAL_CONVERSION = YES;
				CLANG_WARN_OBJC_ROOT_CLASS = YES_ERROR;
				CLANG_WARN_RANGE_LOOP_ANALYSIS = YES;
				CLANG_WARN_STRICT_PROTOTYPES = YES;
				CLANG_WARN_SUSPICIOUS_MOVE = YES;
				CLANG_WARN_UNGUARDED_AVAILABILITY = YES_AGGRESSIVE;
				CLANG_WARN_UNREACHABLE_CODE = YES;
				CLANG_WARN__DUPLICATE_METHOD_MATCH = YES;
				CODE_SIGN_IDENTITY = "iPhone Developer";
				COPY_PHASE_STRIP = NO;
				DEBUG_INFORMATION_FORMAT = "dwarf-with-dsym";
				ENABLE_NS_ASSERTIONS = NO;
				ENABLE_STRICT_OBJC_MSGSEND = YES;
				GCC_C_LANGUAGE_STANDARD = gnu11;
				GCC_NO_COMMON_BLOCKS = YES;
				GCC_WARN_64_TO_32_BIT_CONVERSION = YES;
				GCC_WARN_ABOUT_RETURN_TYPE = YES_ERROR;
				GCC_WARN_UNDECLARED_SELECTOR = YES;
				GCC_WARN_UNINITIALIZED_AUTOS = YES_AGGRESSIVE;
				GCC_WARN_UNUSED_FUNCTION = YES;
				GCC_WARN_UNUSED_VARIABLE = YES;
				IPHONEOS_DEPLOYMENT_TARGET = 12.1;
				MTL_ENABLE_DEBUG_INFO = NO;
				MTL_FAST_MATH = YES;
				SDKROOT = iphoneos;
				VALIDATE_PRODUCT = YES;
			};
			name = Release;
		};
		4D25E18A21D0A693006CC4F5 /* Debug */ = {
			isa = XCBuildConfiguration;
			buildSettings = {
				ASSETCATALOG_COMPILER_APPICON_NAME = AppIcon;
				CODE_SIGN_STYLE = Automatic;
				INFOPLIST_FILE = "OpenGL-ES-001加载纹理/Info.plist";
				LD_RUNPATH_SEARCH_PATHS = (
					"$(inherited)",
					"@executable_path/Frameworks",
				);
				PRODUCT_BUNDLE_IDENTIFIER = "com.jie.OpenGL-ES-001----";
				PRODUCT_NAME = "$(TARGET_NAME)";
				TARGETED_DEVICE_FAMILY = "1,2";
			};
			name = Debug;
		};
		4D25E18B21D0A693006CC4F5 /* Release */ = {
			isa = XCBuildConfiguration;
			buildSettings = {
				ASSETCATALOG_COMPILER_APPICON_NAME = AppIcon;
				CODE_SIGN_STYLE = Automatic;
				INFOPLIST_FILE = "OpenGL-ES-001加载纹理/Info.plist";
				LD_RUNPATH_SEARCH_PATHS = (
					"$(inherited)",
					"@executable_path/Frameworks",
				);
				PRODUCT_BUNDLE_IDENTIFIER = "com.jie.OpenGL-ES-001----";
				PRODUCT_NAME = "$(TARGET_NAME)";
				TARGETED_DEVICE_FAMILY = "1,2";
			};
			name = Release;
		};
		4D25E18D21D0A693006CC4F5 /* Debug */ = {
			isa = XCBuildConfiguration;
			buildSettings = {
				BUNDLE_LOADER = "$(TEST_HOST)";
				CODE_SIGN_STYLE = Automatic;
				INFOPLIST_FILE = "OpenGL-ES-001加载纹理Tests/Info.plist";
				LD_RUNPATH_SEARCH_PATHS = (
					"$(inherited)",
					"@executable_path/Frameworks",
					"@loader_path/Frameworks",
				);
				PRODUCT_BUNDLE_IDENTIFIER = "com.jie.OpenGL-ES-001----Tests";
				PRODUCT_NAME = "$(TARGET_NAME)";
				TARGETED_DEVICE_FAMILY = "1,2";
				TEST_HOST = "$(BUILT_PRODUCTS_DIR)/OpenGL-ES-001加载纹理.app/OpenGL-ES-001加载纹理";
			};
			name = Debug;
		};
		4D25E18E21D0A693006CC4F5 /* Release */ = {
			isa = XCBuildConfiguration;
			buildSettings = {
				BUNDLE_LOADER = "$(TEST_HOST)";
				CODE_SIGN_STYLE = Automatic;
				INFOPLIST_FILE = "OpenGL-ES-001加载纹理Tests/Info.plist";
				LD_RUNPATH_SEARCH_PATHS = (
					"$(inherited)",
					"@executable_path/Frameworks",
					"@loader_path/Frameworks",
				);
				PRODUCT_BUNDLE_IDENTIFIER = "com.jie.OpenGL-ES-001----Tests";
				PRODUCT_NAME = "$(TARGET_NAME)";
				TARGETED_DEVICE_FAMILY = "1,2";
				TEST_HOST = "$(BUILT_PRODUCTS_DIR)/OpenGL-ES-001加载纹理.app/OpenGL-ES-001加载纹理";
			};
			name = Release;
		};
		4D25E19021D0A693006CC4F5 /* Debug */ = {
			isa = XCBuildConfiguration;
			buildSettings = {
				CODE_SIGN_STYLE = Automatic;
				INFOPLIST_FILE = "OpenGL-ES-001加载纹理UITests/Info.plist";
				LD_RUNPATH_SEARCH_PATHS = (
					"$(inherited)",
					"@executable_path/Frameworks",
					"@loader_path/Frameworks",
				);
				PRODUCT_BUNDLE_IDENTIFIER = "com.jie.OpenGL-ES-001----UITests";
				PRODUCT_NAME = "$(TARGET_NAME)";
				TARGETED_DEVICE_FAMILY = "1,2";
				TEST_TARGET_NAME = "OpenGL-ES-001加载纹理";
			};
			name = Debug;
		};
		4D25E19121D0A693006CC4F5 /* Release */ = {
			isa = XCBuildConfiguration;
			buildSettings = {
				CODE_SIGN_STYLE = Automatic;
				INFOPLIST_FILE = "OpenGL-ES-001加载纹理UITests/Info.plist";
				LD_RUNPATH_SEARCH_PATHS = (
					"$(inherited)",
					"@executable_path/Frameworks",
					"@loader_path/Frameworks",
				);
				PRODUCT_BUNDLE_IDENTIFIER = "com.jie.OpenGL-ES-001----UITests";
				PRODUCT_NAME = "$(TARGET_NAME)";
				TARGETED_DEVICE_FAMILY = "1,2";
				TEST_TARGET_NAME = "OpenGL-ES-001加载纹理";
			};
			name = Release;
		};
/* End XCBuildConfiguration section */

/* Begin XCConfigurationList section */
		4D25E15821D0A692006CC4F5 /* Build configuration list for PBXProject "OpenGL-ES-001加载纹理" */ = {
			isa = XCConfigurationList;
			buildConfigurations = (
				4D25E18721D0A693006CC4F5 /* Debug */,
				4D25E18821D0A693006CC4F5 /* Release */,
			);
			defaultConfigurationIsVisible = 0;
			defaultConfigurationName = Release;
		};
		4D25E18921D0A693006CC4F5 /* Build configuration list for PBXNativeTarget "OpenGL-ES-001加载纹理" */ = {
			isa = XCConfigurationList;
			buildConfigurations = (
				4D25E18A21D0A693006CC4F5 /* Debug */,
				4D25E18B21D0A693006CC4F5 /* Release */,
			);
			defaultConfigurationIsVisible = 0;
			defaultConfigurationName = Release;
		};
		4D25E18C21D0A693006CC4F5 /* Build configuration list for PBXNativeTarget "OpenGL-ES-001加载纹理Tests" */ = {
			isa = XCConfigurationList;
			buildConfigurations = (
				4D25E18D21D0A693006CC4F5 /* Debug */,
				4D25E18E21D0A693006CC4F5 /* Release */,
			);
			defaultConfigurationIsVisible = 0;
			defaultConfigurationName = Release;
		};
		4D25E18F21D0A693006CC4F5 /* Build configuration list for PBXNativeTarget "OpenGL-ES-001加载纹理UITests" */ = {
			isa = XCConfigurationList;
			buildConfigurations = (
				4D25E19021D0A693006CC4F5 /* Debug */,
				4D25E19121D0A693006CC4F5 /* Release */,
			);
			defaultConfigurationIsVisible = 0;
			defaultConfigurationName = Release;
		};
/* End XCConfigurationList section */
	};
	rootObject = 4D25E15521D0A692006CC4F5 /* Project object */;
}
